
Microsoft Visual Studio Solution File, Format Version 12.00
# Visual Studio Version 16
VisualStudioVersion = 16.0.31205.134
MinimumVisualStudioVersion = 10.0.40219.1
Project("{FAE04EC0-301F-11D3-BF4B-00C04F79EFBC}") = "CorrelationAnalysis", "CorrelationAnalysis.csproj", "{90002D50-314D-438D-B854-4337D433B44A}"
EndProject
Global
	GlobalSection(SolutionConfigurationPlatforms) = preSolution
		Debug|Any CPU = Debug|Any CPU
		Release|Any CPU = Release|Any CPU
	EndGlobalSection
	GlobalSection(ProjectConfigurationPlatforms) = postSolution
		{90002D50-314D-438D-B854-4337D433B44A}.Debug|Any CPU.ActiveCfg = Debug|Any CPU
		{90002D50-314D-438D-B854-4337D433B44A}.Debug|Any CPU.Build.0 = Debug|Any CPU
		{90002D50-314D-438D-B854-4337D433B44A}.Release|Any CPU.ActiveCfg = Release|Any CPU
		{90002D50-314D-438D-B854-4337D433B44A}.Release|Any CPU.Build.0 = Release|Any CPU
	EndGlobalSection
	GlobalSection(SolutionProperties) = preSolution
		HideSolutionNode = FALSE
	EndGlobalSection
	GlobalSection(ExtensibilityGlobals) = postSolution
		SolutionGuid = {55E57112-0E5C-4C32-A596-D209C5083E13}
	EndGlobalSection
EndGlobal
